// !$*UTF8*$!
{
	archiveVersion = 1;
	classes = {
	};
	objectVersion = 56;
	objects = {

/* Begin PBXBuildFile section */
		FCF9B5FE2B45C6850041F74F /* FriendsTableViewController.swift in Sources */ = {isa = PBXBuildFile; fileRef = FCF9B5FD2B45C6850041F74F /* FriendsTableViewController.swift */; };
		FCF9B6022B45E9600041F74F /* FriendsTableViewCell.swift in Sources */ = {isa = PBXBuildFile; fileRef = FCF9B6012B45E9600041F74F /* FriendsTableViewCell.swift */; };
		FCF9B6042B45EB5C0041F74F /* VK.swift in Sources */ = {isa = PBXBuildFile; fileRef = FCF9B6032B45EB5C0041F74F /* VK.swift */; };
		FCF9B6062B46C0310041F74F /* PhotosCollectionViewController.swift in Sources */ = {isa = PBXBuildFile; fileRef = FCF9B6052B46C0310041F74F /* PhotosCollectionViewController.swift */; };
		FCF9B6082B46C1E40041F74F /* ApiVK.swift in Sources */ = {isa = PBXBuildFile; fileRef = FCF9B6072B46C1E40041F74F /* ApiVK.swift */; };
		FCF9B60A2B46D75A0041F74F /* PhotosCollectionViewCell.swift in Sources */ = {isa = PBXBuildFile; fileRef = FCF9B6092B46D75A0041F74F /* PhotosCollectionViewCell.swift */; };
		FCF9B60C2B49634C0041F74F /* GroupsTableViewController.swift in Sources */ = {isa = PBXBuildFile; fileRef = FCF9B60B2B49634C0041F74F /* GroupsTableViewController.swift */; };
		FCF9B60E2B4968470041F74F /* MyGroupsTableViewController.swift in Sources */ = {isa = PBXBuildFile; fileRef = FCF9B60D2B4968470041F74F /* MyGroupsTableViewController.swift */; };
		FCFF70EA2B2DB41D00C04C82 /* AppDelegate.swift in Sources */ = {isa = PBXBuildFile; fileRef = FCFF70E92B2DB41D00C04C82 /* AppDelegate.swift */; };
		FCFF70EE2B2DB41D00C04C82 /* LogonViewController.swift in Sources */ = {isa = PBXBuildFile; fileRef = FCFF70ED2B2DB41D00C04C82 /* LogonViewController.swift */; };
		FCFF70F12B2DB41E00C04C82 /* Main.storyboard in Resources */ = {isa = PBXBuildFile; fileRef = FCFF70EF2B2DB41E00C04C82 /* Main.storyboard */; };
		FCFF70F32B2DB41F00C04C82 /* Assets.xcassets in Resources */ = {isa = PBXBuildFile; fileRef = FCFF70F22B2DB41F00C04C82 /* Assets.xcassets */; };
		FCFF70F62B2DB41F00C04C82 /* LaunchScreen.storyboard in Resources */ = {isa = PBXBuildFile; fileRef = FCFF70F42B2DB41F00C04C82 /* LaunchScreen.storyboard */; };
		FCFF71052B2EFE5A00C04C82 /* NewsTableViewCell.swift in Sources */ = {isa = PBXBuildFile; fileRef = FCFF71032B2EFE5A00C04C82 /* NewsTableViewCell.swift */; };
		FCFF71062B2EFE5A00C04C82 /* NewsTableViewCell.xib in Resources */ = {isa = PBXBuildFile; fileRef = FCFF71042B2EFE5A00C04C82 /* NewsTableViewCell.xib */; };
		FCFF71082B2F070900C04C82 /* NewsViewController.swift in Sources */ = {isa = PBXBuildFile; fileRef = FCFF71072B2F070900C04C82 /* NewsViewController.swift */; };
/* End PBXBuildFile section */

/* Begin PBXFileReference section */
		FCF9B5FD2B45C6850041F74F /* FriendsTableViewController.swift */ = {isa = PBXFileReference; lastKnownFileType = sourcecode.swift; path = FriendsTableViewController.swift; sourceTree = "<group>"; };
		FCF9B6012B45E9600041F74F /* FriendsTableViewCell.swift */ = {isa = PBXFileReference; lastKnownFileType = sourcecode.swift; name = FriendsTableViewCell.swift; path = VK2024/View/FriendsTableViewCell.swift; sourceTree = SOURCE_ROOT; };
		FCF9B6032B45EB5C0041F74F /* VK.swift */ = {isa = PBXFileReference; lastKnownFileType = sourcecode.swift; path = VK.swift; sourceTree = "<group>"; };
		FCF9B6052B46C0310041F74F /* PhotosCollectionViewController.swift */ = {isa = PBXFileReference; lastKnownFileType = sourcecode.swift; path = PhotosCollectionViewController.swift; sourceTree = "<group>"; };
		FCF9B6072B46C1E40041F74F /* ApiVK.swift */ = {isa = PBXFileReference; lastKnownFileType = sourcecode.swift; path = ApiVK.swift; sourceTree = "<group>"; };
		FCF9B6092B46D75A0041F74F /* PhotosCollectionViewCell.swift */ = {isa = PBXFileReference; lastKnownFileType = sourcecode.swift; path = PhotosCollectionViewCell.swift; sourceTree = "<group>"; };
		FCF9B60B2B49634C0041F74F /* GroupsTableViewController.swift */ = {isa = PBXFileReference; lastKnownFileType = sourcecode.swift; path = GroupsTableViewController.swift; sourceTree = "<group>"; };
		FCF9B60D2B4968470041F74F /* MyGroupsTableViewController.swift */ = {isa = PBXFileReference; lastKnownFileType = sourcecode.swift; path = MyGroupsTableViewController.swift; sourceTree = "<group>"; };
		FCFF70E62B2DB41D00C04C82 /* VK2024.app */ = {isa = PBXFileReference; explicitFileType = wrapper.application; includeInIndex = 0; path = VK2024.app; sourceTree = BUILT_PRODUCTS_DIR; };
		FCFF70E92B2DB41D00C04C82 /* AppDelegate.swift */ = {isa = PBXFileReference; lastKnownFileType = sourcecode.swift; path = AppDelegate.swift; sourceTree = "<group>"; };
		FCFF70ED2B2DB41D00C04C82 /* LogonViewController.swift */ = {isa = PBXFileReference; lastKnownFileType = sourcecode.swift; path = LogonViewController.swift; sourceTree = "<group>"; };
		FCFF70F02B2DB41E00C04C82 /* Base */ = {isa = PBXFileReference; lastKnownFileType = file.storyboard; name = Base; path = Base.lproj/Main.storyboard; sourceTree = "<group>"; };
		FCFF70F22B2DB41F00C04C82 /* Assets.xcassets */ = {isa = PBXFileReference; lastKnownFileType = folder.assetcatalog; path = Assets.xcassets; sourceTree = "<group>"; };
		FCFF70F52B2DB41F00C04C82 /* Base */ = {isa = PBXFileReference; lastKnownFileType = file.storyboard; name = Base; path = Base.lproj/LaunchScreen.storyboard; sourceTree = "<group>"; };
		FCFF70F72B2DB41F00C04C82 /* Info.plist */ = {isa = PBXFileReference; lastKnownFileType = text.plist.xml; path = Info.plist; sourceTree = "<group>"; };
		FCFF71032B2EFE5A00C04C82 /* NewsTableViewCell.swift */ = {isa = PBXFileReference; lastKnownFileType = sourcecode.swift; path = NewsTableViewCell.swift; sourceTree = "<group>"; };
		FCFF71042B2EFE5A00C04C82 /* NewsTableViewCell.xib */ = {isa = PBXFileReference; lastKnownFileType = file.xib; path = NewsTableViewCell.xib; sourceTree = "<group>"; };
		FCFF71072B2F070900C04C82 /* NewsViewController.swift */ = {isa = PBXFileReference; lastKnownFileType = sourcecode.swift; path = NewsViewController.swift; sourceTree = "<group>"; };
/* End PBXFileReference section */

/* Begin PBXFrameworksBuildPhase section */
		FCFF70E32B2DB41D00C04C82 /* Frameworks */ = {
			isa = PBXFrameworksBuildPhase;
			buildActionMask = 2147483647;
			files = (
			);
			runOnlyForDeploymentPostprocessing = 0;
		};
/* End PBXFrameworksBuildPhase section */

/* Begin PBXGroup section */
		FCF9B5FF2B45E7E00041F74F /* Model */ = {
			isa = PBXGroup;
			children = (
				FCF9B6072B46C1E40041F74F /* ApiVK.swift */,
				FCF9B6032B45EB5C0041F74F /* VK.swift */,
			);
			path = Model;
			sourceTree = "<group>";
		};
		FCF9B6002B45E8220041F74F /* View */ = {
			isa = PBXGroup;
			children = (
				FCF9B6012B45E9600041F74F /* FriendsTableViewCell.swift */,
				FCFF71032B2EFE5A00C04C82 /* NewsTableViewCell.swift */,
				FCFF71042B2EFE5A00C04C82 /* NewsTableViewCell.xib */,
				FCF9B6092B46D75A0041F74F /* PhotosCollectionViewCell.swift */,
			);
			path = View;
			sourceTree = "<group>";
		};
		FCFF70DD2B2DB41D00C04C82 = {
			isa = PBXGroup;
			children = (
				FCFF70E82B2DB41D00C04C82 /* VK2024 */,
				FCFF70E72B2DB41D00C04C82 /* Products */,
			);
			sourceTree = "<group>";
		};
		FCFF70E72B2DB41D00C04C82 /* Products */ = {
			isa = PBXGroup;
			children = (
				FCFF70E62B2DB41D00C04C82 /* VK2024.app */,
			);
			name = Products;
			sourceTree = "<group>";
		};
		FCFF70E82B2DB41D00C04C82 /* VK2024 */ = {
			isa = PBXGroup;
			children = (
				FCF9B6002B45E8220041F74F /* View */,
				FCFF70FD2B2DCCCE00C04C82 /* Resource */,
				FCFF70E92B2DB41D00C04C82 /* AppDelegate.swift */,
				FCFF70FE2B2DF87C00C04C82 /* Controllers */,
				FCF9B5FF2B45E7E00041F74F /* Model */,
				FCFF70F72B2DB41F00C04C82 /* Info.plist */,
			);
			path = VK2024;
			sourceTree = "<group>";
		};
		FCFF70FD2B2DCCCE00C04C82 /* Resource */ = {
			isa = PBXGroup;
			children = (
				FCFF70F22B2DB41F00C04C82 /* Assets.xcassets */,
				FCFF70F42B2DB41F00C04C82 /* LaunchScreen.storyboard */,
				FCFF70EF2B2DB41E00C04C82 /* Main.storyboard */,
			);
			path = Resource;
			sourceTree = "<group>";
		};
		FCFF70FE2B2DF87C00C04C82 /* Controllers */ = {
			isa = PBXGroup;
			children = (
				FCF9B5FD2B45C6850041F74F /* FriendsTableViewController.swift */,
				FCF9B60B2B49634C0041F74F /* GroupsTableViewController.swift */,
				FCFF70ED2B2DB41D00C04C82 /* LogonViewController.swift */,
				FCF9B60D2B4968470041F74F /* MyGroupsTableViewController.swift */,
				FCFF71072B2F070900C04C82 /* NewsViewController.swift */,
				FCF9B6052B46C0310041F74F /* PhotosCollectionViewController.swift */,
			);
			path = Controllers;
			sourceTree = "<group>";
		};
/* End PBXGroup section */

/* Begin PBXNativeTarget section */
		FCFF70E52B2DB41D00C04C82 /* VK2024 */ = {
			isa = PBXNativeTarget;
			buildConfigurationList = FCFF70FA2B2DB41F00C04C82 /* Build configuration list for PBXNativeTarget "VK2024" */;
			buildPhases = (
				FCFF70E22B2DB41D00C04C82 /* Sources */,
				FCFF70E32B2DB41D00C04C82 /* Frameworks */,
				FCFF70E42B2DB41D00C04C82 /* Resources */,
			);
			buildRules = (
			);
			dependencies = (
			);
			name = VK2024;
			productName = VK2024;
			productReference = FCFF70E62B2DB41D00C04C82 /* VK2024.app */;
			productType = "com.apple.product-type.application";
		};
/* End PBXNativeTarget section */

/* Begin PBXProject section */
		FCFF70DE2B2DB41D00C04C82 /* Project object */ = {
			isa = PBXProject;
			attributes = {
				BuildIndependentTargetsInParallel = 1;
				LastSwiftUpdateCheck = 1500;
				LastUpgradeCheck = 1500;
				TargetAttributes = {
					FCFF70E52B2DB41D00C04C82 = {
						CreatedOnToolsVersion = 15.0.1;
					};
				};
			};
			buildConfigurationList = FCFF70E12B2DB41D00C04C82 /* Build configuration list for PBXProject "VK2024" */;
			compatibilityVersion = "Xcode 14.0";
			developmentRegion = en;
			hasScannedForEncodings = 0;
			knownRegions = (
				en,
				Base,
			);
			mainGroup = FCFF70DD2B2DB41D00C04C82;
			productRefGroup = FCFF70E72B2DB41D00C04C82 /* Products */;
			projectDirPath = "";
			projectRoot = "";
			targets = (
				FCFF70E52B2DB41D00C04C82 /* VK2024 */,
			);
		};
/* End PBXProject section */

/* Begin PBXResourcesBuildPhase section */
		FCFF70E42B2DB41D00C04C82 /* Resources */ = {
			isa = PBXResourcesBuildPhase;
			buildActionMask = 2147483647;
			files = (
				FCFF70F62B2DB41F00C04C82 /* LaunchScreen.storyboard in Resources */,
				FCFF70F32B2DB41F00C04C82 /* Assets.xcassets in Resources */,
				FCFF71062B2EFE5A00C04C82 /* NewsTableViewCell.xib in Resources */,
				FCFF70F12B2DB41E00C04C82 /* Main.storyboard in Resources */,
			);
			runOnlyForDeploymentPostprocessing = 0;
		};
/* End PBXResourcesBuildPhase section */

/* Begin PBXSourcesBuildPhase section */
		FCFF70E22B2DB41D00C04C82 /* Sources */ = {
			isa = PBXSourcesBuildPhase;
			buildActionMask = 2147483647;
			files = (
				FCFF71052B2EFE5A00C04C82 /* NewsTableViewCell.swift in Sources */,
				FCF9B60C2B49634C0041F74F /* GroupsTableViewController.swift in Sources */,
				FCF9B6062B46C0310041F74F /* PhotosCollectionViewController.swift in Sources */,
				FCF9B60E2B4968470041F74F /* MyGroupsTableViewController.swift in Sources */,
				FCF9B6042B45EB5C0041F74F /* VK.swift in Sources */,
				FCF9B60A2B46D75A0041F74F /* PhotosCollectionViewCell.swift in Sources */,
				FCFF71082B2F070900C04C82 /* NewsViewController.swift in Sources */,
				FCFF70EE2B2DB41D00C04C82 /* LogonViewController.swift in Sources */,
				FCF9B6022B45E9600041F74F /* FriendsTableViewCell.swift in Sources */,
				FCFF70EA2B2DB41D00C04C82 /* AppDelegate.swift in Sources */,
				FCF9B5FE2B45C6850041F74F /* FriendsTableViewController.swift in Sources */,
				FCF9B6082B46C1E40041F74F /* ApiVK.swift in Sources */,
			);
			runOnlyForDeploymentPostprocessing = 0;
		};
/* End PBXSourcesBuildPhase section */

/* Begin PBXVariantGroup section */
		FCFF70EF2B2DB41E00C04C82 /* Main.storyboard */ = {
			isa = PBXVariantGroup;
			children = (
				FCFF70F02B2DB41E00C04C82 /* Base */,
			);
			name = Main.storyboard;
			sourceTree = "<group>";
		};
		FCFF70F42B2DB41F00C04C82 /* LaunchScreen.storyboard */ = {
			isa = PBXVariantGroup;
			children = (
				FCFF70F52B2DB41F00C04C82 /* Base */,
			);
			name = LaunchScreen.storyboard;
			sourceTree = "<group>";
		};
/* End PBXVariantGroup section */

/* Begin XCBuildConfiguration section */
		FCFF70F82B2DB41F00C04C82 /* Debug */ = {
			isa = XCBuildConfiguration;
			buildSettings = {
				ALWAYS_SEARCH_USER_PATHS = NO;
				ASSETCATALOG_COMPILER_GENERATE_SWIFT_ASSET_SYMBOL_EXTENSIONS = YES;
				CLANG_ANALYZER_NONNULL = YES;
				CLANG_ANALYZER_NUMBER_OBJECT_CONVERSION = YES_AGGRESSIVE;
				CLANG_CXX_LANGUAGE_STANDARD = "gnu++20";
				CLANG_ENABLE_MODULES = YES;
				CLANG_ENABLE_OBJC_ARC = YES;
				CLANG_ENABLE_OBJC_WEAK = YES;
				CLANG_WARN_BLOCK_CAPTURE_AUTORELEASING = YES;
				CLANG_WARN_BOOL_CONVERSION = YES;
				CLANG_WARN_COMMA = YES;
				CLANG_WARN_CONSTANT_CONVERSION = YES;
				CLANG_WARN_DEPRECATED_OBJC_IMPLEMENTATIONS = YES;
				CLANG_WARN_DIRECT_OBJC_ISA_USAGE = YES_ERROR;
				CLANG_WARN_DOCUMENTATION_COMMENTS = YES;
				CLANG_WARN_EMPTY_BODY = YES;
				CLANG_WARN_ENUM_CONVERSION = YES;
				CLANG_WARN_INFINITE_RECURSION = YES;
				CLANG_WARN_INT_CONVERSION = YES;
				CLANG_WARN_NON_LITERAL_NULL_CONVERSION = YES;
				CLANG_WARN_OBJC_IMPLICIT_RETAIN_SELF = YES;
				CLANG_WARN_OBJC_LITERAL_CONVERSION = YES;
				CLANG_WARN_OBJC_ROOT_CLASS = YES_ERROR;
				CLANG_WARN_QUOTED_INCLUDE_IN_FRAMEWORK_HEADER = YES;
				CLANG_WARN_RANGE_LOOP_ANALYSIS = YES;
				CLANG_WARN_STRICT_PROTOTYPES = YES;
				CLANG_WARN_SUSPICIOUS_MOVE = YES;
				CLANG_WARN_UNGUARDED_AVAILABILITY = YES_AGGRESSIVE;
				CLANG_WARN_UNREACHABLE_CODE = YES;
				CLANG_WARN__DUPLICATE_METHOD_MATCH = YES;
				COPY_PHASE_STRIP = NO;
				DEBUG_INFORMATION_FORMAT = dwarf;
				ENABLE_STRICT_OBJC_MSGSEND = YES;
				ENABLE_TESTABILITY = YES;
				ENABLE_USER_SCRIPT_SANDBOXING = YES;
				GCC_C_LANGUAGE_STANDARD = gnu17;
				GCC_DYNAMIC_NO_PIC = NO;
				GCC_NO_COMMON_BLOCKS = YES;
				GCC_OPTIMIZATION_LEVEL = 0;
				GCC_PREPROCESSOR_DEFINITIONS = (
					"DEBUG=1",
					"$(inherited)",
				);
				GCC_WARN_64_TO_32_BIT_CONVERSION = YES;
				GCC_WARN_ABOUT_RETURN_TYPE = YES_ERROR;
				GCC_WARN_UNDECLARED_SELECTOR = YES;
				GCC_WARN_UNINITIALIZED_AUTOS = YES_AGGRESSIVE;
				GCC_WARN_UNUSED_FUNCTION = YES;
				GCC_WARN_UNUSED_VARIABLE = YES;
				IPHONEOS_DEPLOYMENT_TARGET = 17.0;
				LOCALIZATION_PREFERS_STRING_CATALOGS = YES;
				MTL_ENABLE_DEBUG_INFO = INCLUDE_SOURCE;
				MTL_FAST_MATH = YES;
				ONLY_ACTIVE_ARCH = YES;
				SDKROOT = iphoneos;
				SWIFT_ACTIVE_COMPILATION_CONDITIONS = "DEBUG $(inherited)";
				SWIFT_OPTIMIZATION_LEVEL = "-Onone";
			};
			name = Debug;
		};
		FCFF70F92B2DB41F00C04C82 /* Release */ = {
			isa = XCBuildConfiguration;
			buildSettings = {
				ALWAYS_SEARCH_USER_PATHS = NO;
				ASSETCATALOG_COMPILER_GENERATE_SWIFT_ASSET_SYMBOL_EXTENSIONS = YES;
				CLANG_ANALYZER_NONNULL = YES;
				CLANG_ANALYZER_NUMBER_OBJECT_CONVERSION = YES_AGGRESSIVE;
				CLANG_CXX_LANGUAGE_STANDARD = "gnu++20";
				CLANG_ENABLE_MODULES = YES;
				CLANG_ENABLE_OBJC_ARC = YES;
				CLANG_ENABLE_OBJC_WEAK = YES;
				CLANG_WARN_BLOCK_CAPTURE_AUTORELEASING = YES;
				CLANG_WARN_BOOL_CONVERSION = YES;
				CLANG_WARN_COMMA = YES;
				CLANG_WARN_CONSTANT_CONVERSION = YES;
				CLANG_WARN_DEPRECATED_OBJC_IMPLEMENTATIONS = YES;
				CLANG_WARN_DIRECT_OBJC_ISA_USAGE = YES_ERROR;
				CLANG_WARN_DOCUMENTATION_COMMENTS = YES;
				CLANG_WARN_EMPTY_BODY = YES;
				CLANG_WARN_ENUM_CONVERSION = YES;
				CLANG_WARN_INFINITE_RECURSION = YES;
				CLANG_WARN_INT_CONVERSION = YES;
				CLANG_WARN_NON_LITERAL_NULL_CONVERSION = YES;
				CLANG_WARN_OBJC_IMPLICIT_RETAIN_SELF = YES;
				CLANG_WARN_OBJC_LITERAL_CONVERSION = YES;
				CLANG_WARN_OBJC_ROOT_CLASS = YES_ERROR;
				CLANG_WARN_QUOTED_INCLUDE_IN_FRAMEWORK_HEADER = YES;
				CLANG_WARN_RANGE_LOOP_ANALYSIS = YES;
				CLANG_WARN_STRICT_PROTOTYPES = YES;
				CLANG_WARN_SUSPICIOUS_MOVE = YES;
				CLANG_WARN_UNGUARDED_AVAILABILITY = YES_AGGRESSIVE;
				CLANG_WARN_UNREACHABLE_CODE = YES;
				CLANG_WARN__DUPLICATE_METHOD_MATCH = YES;
				COPY_PHASE_STRIP = NO;
				DEBUG_INFORMATION_FORMAT = "dwarf-with-dsym";
				ENABLE_NS_ASSERTIONS = NO;
				ENABLE_STRICT_OBJC_MSGSEND = YES;
				ENABLE_USER_SCRIPT_SANDBOXING = YES;
				GCC_C_LANGUAGE_STANDARD = gnu17;
				GCC_NO_COMMON_BLOCKS = YES;
				GCC_WARN_64_TO_32_BIT_CONVERSION = YES;
				GCC_WARN_ABOUT_RETURN_TYPE = YES_ERROR;
				GCC_WARN_UNDECLARED_SELECTOR = YES;
				GCC_WARN_UNINITIALIZED_AUTOS = YES_AGGRESSIVE;
				GCC_WARN_UNUSED_FUNCTION = YES;
				GCC_WARN_UNUSED_VARIABLE = YES;
				IPHONEOS_DEPLOYMENT_TARGET = 17.0;
				LOCALIZATION_PREFERS_STRING_CATALOGS = YES;
				MTL_ENABLE_DEBUG_INFO = NO;
				MTL_FAST_MATH = YES;
				SDKROOT = iphoneos;
				SWIFT_COMPILATION_MODE = wholemodule;
				VALIDATE_PRODUCT = YES;
			};
			name = Release;
		};
		FCFF70FB2B2DB41F00C04C82 /* Debug */ = {
			isa = XCBuildConfiguration;
			buildSettings = {
				ASSETCATALOG_COMPILER_APPICON_NAME = AppIcon;
				ASSETCATALOG_COMPILER_GLOBAL_ACCENT_COLOR_NAME = AccentColor;
				CODE_SIGN_STYLE = Automatic;
				CURRENT_PROJECT_VERSION = 1;
				DEVELOPMENT_TEAM = MJQCB25CXP;
				GENERATE_INFOPLIST_FILE = YES;
				INFOPLIST_FILE = VK2024/Info.plist;
				INFOPLIST_KEY_UIApplicationSupportsIndirectInputEvents = YES;
				INFOPLIST_KEY_UILaunchStoryboardName = LaunchScreen;
				INFOPLIST_KEY_UIMainStoryboardFile = Main;
				INFOPLIST_KEY_UISupportedInterfaceOrientations_iPad = "UIInterfaceOrientationPortrait UIInterfaceOrientationPortraitUpsideDown UIInterfaceOrientationLandscapeLeft UIInterfaceOrientationLandscapeRight";
				INFOPLIST_KEY_UISupportedInterfaceOrientations_iPhone = "UIInterfaceOrientationPortrait UIInterfaceOrientationLandscapeLeft UIInterfaceOrientationLandscapeRight";
				IPHONEOS_DEPLOYMENT_TARGET = 16.0;
				LD_RUNPATH_SEARCH_PATHS = (
					"$(inherited)",
					"@executable_path/Frameworks",
				);
				MARKETING_VERSION = 1.0;
				PRODUCT_BUNDLE_IDENTIFIER = com.VRomamanM.VK2024;
				PRODUCT_NAME = "$(TARGET_NAME)";
				SWIFT_EMIT_LOC_STRINGS = YES;
				SWIFT_VERSION = 5.0;
				TARGETED_DEVICE_FAMILY = "1,2";
			};
			name = Debug;
		};
		FCFF70FC2B2DB41F00C04C82 /* Release */ = {
			isa = XCBuildConfiguration;
			buildSettings = {
				ASSETCATALOG_COMPILER_APPICON_NAME = AppIcon;
				ASSETCATALOG_COMPILER_GLOBAL_ACCENT_COLOR_NAME = AccentColor;
				CODE_SIGN_STYLE = Automatic;
				CURRENT_PROJECT_VERSION = 1;
				DEVELOPMENT_TEAM = MJQCB25CXP;
				GENERATE_INFOPLIST_FILE = YES;
				INFOPLIST_FILE = VK2024/Info.plist;
				INFOPLIST_KEY_UIApplicationSupportsIndirectInputEvents = YES;
				INFOPLIST_KEY_UILaunchStoryboardName = LaunchScreen;
				INFOPLIST_KEY_UIMainStoryboardFile = Main;
				INFOPLIST_KEY_UISupportedInterfaceOrientations_iPad = "UIInterfaceOrientationPortrait UIInterfaceOrientationPortraitUpsideDown UIInterfaceOrientationLandscapeLeft UIInterfaceOrientationLandscapeRight";
				INFOPLIST_KEY_UISupportedInterfaceOrientations_iPhone = "UIInterfaceOrientationPortrait UIInterfaceOrientationLandscapeLeft UIInterfaceOrientationLandscapeRight";
				IPHONEOS_DEPLOYMENT_TARGET = 16.0;
				LD_RUNPATH_SEARCH_PATHS = (
					"$(inherited)",
					"@executable_path/Frameworks",
				);
				MARKETING_VERSION = 1.0;
				PRODUCT_BUNDLE_IDENTIFIER = com.VRomamanM.VK2024;
				PRODUCT_NAME = "$(TARGET_NAME)";
				SWIFT_EMIT_LOC_STRINGS = YES;
				SWIFT_VERSION = 5.0;
				TARGETED_DEVICE_FAMILY = "1,2";
			};
			name = Release;
		};
/* End XCBuildConfiguration section */

/* Begin XCConfigurationList section */
		FCFF70E12B2DB41D00C04C82 /* Build configuration list for PBXProject "VK2024" */ = {
			isa = XCConfigurationList;
			buildConfigurations = (
				FCFF70F82B2DB41F00C04C82 /* Debug */,
				FCFF70F92B2DB41F00C04C82 /* Release */,
			);
			defaultConfigurationIsVisible = 0;
			defaultConfigurationName = Release;
		};
		FCFF70FA2B2DB41F00C04C82 /* Build configuration list for PBXNativeTarget "VK2024" */ = {
			isa = XCConfigurationList;
			buildConfigurations = (
				FCFF70FB2B2DB41F00C04C82 /* Debug */,
				FCFF70FC2B2DB41F00C04C82 /* Release */,
			);
			defaultConfigurationIsVisible = 0;
			defaultConfigurationName = Release;
		};
/* End XCConfigurationList section */
	};
	rootObject = FCFF70DE2B2DB41D00C04C82 /* Project object */;
}
